
Microsoft Visual Studio Solution File, Format Version 12.00
# Visual Studio 15
VisualStudioVersion = 15.0.28307.902
MinimumVisualStudioVersion = 10.0.40219.1
Project("{FAE04EC0-301F-11D3-BF4B-00C04F79EFBC}") = "linq5", "linq5\linq5.csproj", "{210BC2D9-741F-44E2-BB64-B9AEC43D394B}"
EndProject
Global
	GlobalSection(SolutionConfigurationPlatforms) = preSolution
		Debug|Any CPU = Debug|Any CPU
		Release|Any CPU = Release|Any CPU
	EndGlobalSection
	GlobalSection(ProjectConfigurationPlatforms) = postSolution
		{210BC2D9-741F-44E2-BB64-B9AEC43D394B}.Debug|Any CPU.ActiveCfg = Debug|Any CPU
		{210BC2D9-741F-44E2-BB64-B9AEC43D394B}.Debug|Any CPU.Build.0 = Debug|Any CPU
		{210BC2D9-741F-44E2-BB64-B9AEC43D394B}.Release|Any CPU.ActiveCfg = Release|Any CPU
		{210BC2D9-741F-44E2-BB64-B9AEC43D394B}.Release|Any CPU.Build.0 = Release|Any CPU
	EndGlobalSection
	GlobalSection(SolutionProperties) = preSolution
		HideSolutionNode = FALSE
	EndGlobalSection
	GlobalSection(ExtensibilityGlobals) = postSolution
		SolutionGuid = {4EAC3827-11CC-4F66-B980-DDE84DC8F2DB}
	EndGlobalSection
EndGlobal
