
Microsoft Visual Studio Solution File, Format Version 12.00
# Visual Studio 15
VisualStudioVersion = 15.0.28307.902
MinimumVisualStudioVersion = 10.0.40219.1
Project("{FAE04EC0-301F-11D3-BF4B-00C04F79EFBC}") = "Cast_and_OfType_Operators_AndMore", "Cast_and_OfType_Operators_AndMore\Cast_and_OfType_Operators_AndMore.csproj", "{9C371E46-F9A5-4026-84D2-78EB2086522B}"
EndProject
Global
	GlobalSection(SolutionConfigurationPlatforms) = preSolution
		Debug|Any CPU = Debug|Any CPU
		Release|Any CPU = Release|Any CPU
	EndGlobalSection
	GlobalSection(ProjectConfigurationPlatforms) = postSolution
		{9C371E46-F9A5-4026-84D2-78EB2086522B}.Debug|Any CPU.ActiveCfg = Debug|Any CPU
		{9C371E46-F9A5-4026-84D2-78EB2086522B}.Debug|Any CPU.Build.0 = Debug|Any CPU
		{9C371E46-F9A5-4026-84D2-78EB2086522B}.Release|Any CPU.ActiveCfg = Release|Any CPU
		{9C371E46-F9A5-4026-84D2-78EB2086522B}.Release|Any CPU.Build.0 = Release|Any CPU
	EndGlobalSection
	GlobalSection(SolutionProperties) = preSolution
		HideSolutionNode = FALSE
	EndGlobalSection
	GlobalSection(ExtensibilityGlobals) = postSolution
		SolutionGuid = {8F713C8C-D951-4EFC-81DB-D37DE575FA49}
	EndGlobalSection
EndGlobal
