
Microsoft Visual Studio Solution File, Format Version 12.00
# Visual Studio 15
VisualStudioVersion = 15.0.28307.902
MinimumVisualStudioVersion = 10.0.40219.1
Project("{FAE04EC0-301F-11D3-BF4B-00C04F79EFBC}") = "OrderingOperators", "OrderingOperators\OrderingOperators.csproj", "{AA498A1D-BB21-4680-8567-983095EE0EBC}"
EndProject
Global
	GlobalSection(SolutionConfigurationPlatforms) = preSolution
		Debug|Any CPU = Debug|Any CPU
		Release|Any CPU = Release|Any CPU
	EndGlobalSection
	GlobalSection(ProjectConfigurationPlatforms) = postSolution
		{AA498A1D-BB21-4680-8567-983095EE0EBC}.Debug|Any CPU.ActiveCfg = Debug|Any CPU
		{AA498A1D-BB21-4680-8567-983095EE0EBC}.Debug|Any CPU.Build.0 = Debug|Any CPU
		{AA498A1D-BB21-4680-8567-983095EE0EBC}.Release|Any CPU.ActiveCfg = Release|Any CPU
		{AA498A1D-BB21-4680-8567-983095EE0EBC}.Release|Any CPU.Build.0 = Release|Any CPU
	EndGlobalSection
	GlobalSection(SolutionProperties) = preSolution
		HideSolutionNode = FALSE
	EndGlobalSection
	GlobalSection(ExtensibilityGlobals) = postSolution
		SolutionGuid = {22DE2692-E2C4-4241-A833-189491776F79}
	EndGlobalSection
EndGlobal
