
Microsoft Visual Studio Solution File, Format Version 12.00
# Visual Studio 15
VisualStudioVersion = 15.0.28307.902
MinimumVisualStudioVersion = 10.0.40219.1
Project("{FAE04EC0-301F-11D3-BF4B-00C04F79EFBC}") = "DuplicatesExercise", "DuplicatesExercise\DuplicatesExercise.csproj", "{EBD4B70E-8BB9-467B-8DA3-9B8E838854C3}"
EndProject
Global
	GlobalSection(SolutionConfigurationPlatforms) = preSolution
		Debug|Any CPU = Debug|Any CPU
		Release|Any CPU = Release|Any CPU
	EndGlobalSection
	GlobalSection(ProjectConfigurationPlatforms) = postSolution
		{EBD4B70E-8BB9-467B-8DA3-9B8E838854C3}.Debug|Any CPU.ActiveCfg = Debug|Any CPU
		{EBD4B70E-8BB9-467B-8DA3-9B8E838854C3}.Debug|Any CPU.Build.0 = Debug|Any CPU
		{EBD4B70E-8BB9-467B-8DA3-9B8E838854C3}.Release|Any CPU.ActiveCfg = Release|Any CPU
		{EBD4B70E-8BB9-467B-8DA3-9B8E838854C3}.Release|Any CPU.Build.0 = Release|Any CPU
	EndGlobalSection
	GlobalSection(SolutionProperties) = preSolution
		HideSolutionNode = FALSE
	EndGlobalSection
	GlobalSection(ExtensibilityGlobals) = postSolution
		SolutionGuid = {BA557692-949E-476A-BAEA-1ADB1DD67698}
	EndGlobalSection
EndGlobal
