
Microsoft Visual Studio Solution File, Format Version 12.00
# Visual Studio 15
VisualStudioVersion = 15.0.28307.902
MinimumVisualStudioVersion = 10.0.40219.1
Project("{FAE04EC0-301F-11D3-BF4B-00C04F79EFBC}") = "ExtensionMethods2", "ExtensionMethods2\ExtensionMethods2.csproj", "{EAE2F17A-80B9-4D4E-9176-6AE554C64C23}"
EndProject
Global
	GlobalSection(SolutionConfigurationPlatforms) = preSolution
		Debug|Any CPU = Debug|Any CPU
		Release|Any CPU = Release|Any CPU
	EndGlobalSection
	GlobalSection(ProjectConfigurationPlatforms) = postSolution
		{EAE2F17A-80B9-4D4E-9176-6AE554C64C23}.Debug|Any CPU.ActiveCfg = Debug|Any CPU
		{EAE2F17A-80B9-4D4E-9176-6AE554C64C23}.Debug|Any CPU.Build.0 = Debug|Any CPU
		{EAE2F17A-80B9-4D4E-9176-6AE554C64C23}.Release|Any CPU.ActiveCfg = Release|Any CPU
		{EAE2F17A-80B9-4D4E-9176-6AE554C64C23}.Release|Any CPU.Build.0 = Release|Any CPU
	EndGlobalSection
	GlobalSection(SolutionProperties) = preSolution
		HideSolutionNode = FALSE
	EndGlobalSection
	GlobalSection(ExtensibilityGlobals) = postSolution
		SolutionGuid = {63804255-3774-4380-B168-655B9D092BDF}
	EndGlobalSection
EndGlobal
