
Microsoft Visual Studio Solution File, Format Version 12.00
# Visual Studio 15
VisualStudioVersion = 15.0.28307.902
MinimumVisualStudioVersion = 10.0.40219.1
Project("{FAE04EC0-301F-11D3-BF4B-00C04F79EFBC}") = "SelectManyOperator", "SelectManyOperator\SelectManyOperator.csproj", "{CE4F0F1E-CC7C-4E5F-85AD-E9D09371880E}"
EndProject
Global
	GlobalSection(SolutionConfigurationPlatforms) = preSolution
		Debug|Any CPU = Debug|Any CPU
		Release|Any CPU = Release|Any CPU
	EndGlobalSection
	GlobalSection(ProjectConfigurationPlatforms) = postSolution
		{CE4F0F1E-CC7C-4E5F-85AD-E9D09371880E}.Debug|Any CPU.ActiveCfg = Debug|Any CPU
		{CE4F0F1E-CC7C-4E5F-85AD-E9D09371880E}.Debug|Any CPU.Build.0 = Debug|Any CPU
		{CE4F0F1E-CC7C-4E5F-85AD-E9D09371880E}.Release|Any CPU.ActiveCfg = Release|Any CPU
		{CE4F0F1E-CC7C-4E5F-85AD-E9D09371880E}.Release|Any CPU.Build.0 = Release|Any CPU
	EndGlobalSection
	GlobalSection(SolutionProperties) = preSolution
		HideSolutionNode = FALSE
	EndGlobalSection
	GlobalSection(ExtensibilityGlobals) = postSolution
		SolutionGuid = {4647D21E-AAB7-49E3-80EA-4C6A0DA3DE17}
	EndGlobalSection
EndGlobal
