
Microsoft Visual Studio Solution File, Format Version 12.00
# Visual Studio 15
VisualStudioVersion = 15.0.28307.902
MinimumVisualStudioVersion = 10.0.40219.1
Project("{FAE04EC0-301F-11D3-BF4B-00C04F79EFBC}") = "ConversionOperators", "ConversionOperators\ConversionOperators.csproj", "{064D17A9-4A59-417C-BB0D-4D20F0E81F02}"
EndProject
Global
	GlobalSection(SolutionConfigurationPlatforms) = preSolution
		Debug|Any CPU = Debug|Any CPU
		Release|Any CPU = Release|Any CPU
	EndGlobalSection
	GlobalSection(ProjectConfigurationPlatforms) = postSolution
		{064D17A9-4A59-417C-BB0D-4D20F0E81F02}.Debug|Any CPU.ActiveCfg = Debug|Any CPU
		{064D17A9-4A59-417C-BB0D-4D20F0E81F02}.Debug|Any CPU.Build.0 = Debug|Any CPU
		{064D17A9-4A59-417C-BB0D-4D20F0E81F02}.Release|Any CPU.ActiveCfg = Release|Any CPU
		{064D17A9-4A59-417C-BB0D-4D20F0E81F02}.Release|Any CPU.Build.0 = Release|Any CPU
	EndGlobalSection
	GlobalSection(SolutionProperties) = preSolution
		HideSolutionNode = FALSE
	EndGlobalSection
	GlobalSection(ExtensibilityGlobals) = postSolution
		SolutionGuid = {20A977DC-7F8D-4923-A279-9CFA3F3AFDA0}
	EndGlobalSection
EndGlobal
