
Microsoft Visual Studio Solution File, Format Version 12.00
# Visual Studio 15
VisualStudioVersion = 15.0.28307.902
MinimumVisualStudioVersion = 10.0.40219.1
Project("{FAE04EC0-301F-11D3-BF4B-00C04F79EFBC}") = "ElementOperators", "ElementOperators\ElementOperators.csproj", "{001F5D95-83CE-4140-9AD6-79D2DE22C66D}"
EndProject
Global
	GlobalSection(SolutionConfigurationPlatforms) = preSolution
		Debug|Any CPU = Debug|Any CPU
		Release|Any CPU = Release|Any CPU
	EndGlobalSection
	GlobalSection(ProjectConfigurationPlatforms) = postSolution
		{001F5D95-83CE-4140-9AD6-79D2DE22C66D}.Debug|Any CPU.ActiveCfg = Debug|Any CPU
		{001F5D95-83CE-4140-9AD6-79D2DE22C66D}.Debug|Any CPU.Build.0 = Debug|Any CPU
		{001F5D95-83CE-4140-9AD6-79D2DE22C66D}.Release|Any CPU.ActiveCfg = Release|Any CPU
		{001F5D95-83CE-4140-9AD6-79D2DE22C66D}.Release|Any CPU.Build.0 = Release|Any CPU
	EndGlobalSection
	GlobalSection(SolutionProperties) = preSolution
		HideSolutionNode = FALSE
	EndGlobalSection
	GlobalSection(ExtensibilityGlobals) = postSolution
		SolutionGuid = {ACA5745D-5CA8-49EA-B59E-33C7F71DD7B6}
	EndGlobalSection
EndGlobal
