
Microsoft Visual Studio Solution File, Format Version 12.00
# Visual Studio 15
VisualStudioVersion = 15.0.28307.902
MinimumVisualStudioVersion = 10.0.40219.1
Project("{FAE04EC0-301F-11D3-BF4B-00C04F79EFBC}") = "DifferenceBetween_GroupJoin_And_InnerJoin", "DifferenceBetween_GroupJoin_And_InnerJoin\DifferenceBetween_GroupJoin_And_InnerJoin.csproj", "{62B4F9FE-D262-4BE8-8188-EBAEF014A705}"
EndProject
Global
	GlobalSection(SolutionConfigurationPlatforms) = preSolution
		Debug|Any CPU = Debug|Any CPU
		Release|Any CPU = Release|Any CPU
	EndGlobalSection
	GlobalSection(ProjectConfigurationPlatforms) = postSolution
		{62B4F9FE-D262-4BE8-8188-EBAEF014A705}.Debug|Any CPU.ActiveCfg = Debug|Any CPU
		{62B4F9FE-D262-4BE8-8188-EBAEF014A705}.Debug|Any CPU.Build.0 = Debug|Any CPU
		{62B4F9FE-D262-4BE8-8188-EBAEF014A705}.Release|Any CPU.ActiveCfg = Release|Any CPU
		{62B4F9FE-D262-4BE8-8188-EBAEF014A705}.Release|Any CPU.Build.0 = Release|Any CPU
	EndGlobalSection
	GlobalSection(SolutionProperties) = preSolution
		HideSolutionNode = FALSE
	EndGlobalSection
	GlobalSection(ExtensibilityGlobals) = postSolution
		SolutionGuid = {CA06B8BD-E017-46DA-899E-4FA90026A436}
	EndGlobalSection
EndGlobal
