
Microsoft Visual Studio Solution File, Format Version 12.00
# Visual Studio 15
VisualStudioVersion = 15.0.28307.902
MinimumVisualStudioVersion = 10.0.40219.1
Project("{FAE04EC0-301F-11D3-BF4B-00C04F79EFBC}") = "Demo", "Demo\Demo.csproj", "{DF564C14-C0FB-4D9D-9B7A-87DA4C661276}"
EndProject
Global
	GlobalSection(SolutionConfigurationPlatforms) = preSolution
		Debug|Any CPU = Debug|Any CPU
		Release|Any CPU = Release|Any CPU
	EndGlobalSection
	GlobalSection(ProjectConfigurationPlatforms) = postSolution
		{DF564C14-C0FB-4D9D-9B7A-87DA4C661276}.Debug|Any CPU.ActiveCfg = Debug|Any CPU
		{DF564C14-C0FB-4D9D-9B7A-87DA4C661276}.Debug|Any CPU.Build.0 = Debug|Any CPU
		{DF564C14-C0FB-4D9D-9B7A-87DA4C661276}.Release|Any CPU.ActiveCfg = Release|Any CPU
		{DF564C14-C0FB-4D9D-9B7A-87DA4C661276}.Release|Any CPU.Build.0 = Release|Any CPU
	EndGlobalSection
	GlobalSection(SolutionProperties) = preSolution
		HideSolutionNode = FALSE
	EndGlobalSection
	GlobalSection(ExtensibilityGlobals) = postSolution
		SolutionGuid = {7AFD8FA3-FF93-4CE3-AC8C-13E2AAE605B4}
	EndGlobalSection
EndGlobal
