
Microsoft Visual Studio Solution File, Format Version 12.00
# Visual Studio 15
VisualStudioVersion = 15.0.28307.902
MinimumVisualStudioVersion = 10.0.40219.1
Project("{FAE04EC0-301F-11D3-BF4B-00C04F79EFBC}") = "Deferred_and_Immediate_Execution", "Deferred_and_Immediate_Execution\Deferred_and_Immediate_Execution.csproj", "{BCE04C30-2AC4-478B-AA7C-580A16FE62A7}"
EndProject
Global
	GlobalSection(SolutionConfigurationPlatforms) = preSolution
		Debug|Any CPU = Debug|Any CPU
		Release|Any CPU = Release|Any CPU
	EndGlobalSection
	GlobalSection(ProjectConfigurationPlatforms) = postSolution
		{BCE04C30-2AC4-478B-AA7C-580A16FE62A7}.Debug|Any CPU.ActiveCfg = Debug|Any CPU
		{BCE04C30-2AC4-478B-AA7C-580A16FE62A7}.Debug|Any CPU.Build.0 = Debug|Any CPU
		{BCE04C30-2AC4-478B-AA7C-580A16FE62A7}.Release|Any CPU.ActiveCfg = Release|Any CPU
		{BCE04C30-2AC4-478B-AA7C-580A16FE62A7}.Release|Any CPU.Build.0 = Release|Any CPU
	EndGlobalSection
	GlobalSection(SolutionProperties) = preSolution
		HideSolutionNode = FALSE
	EndGlobalSection
	GlobalSection(ExtensibilityGlobals) = postSolution
		SolutionGuid = {90543DE0-DEA1-40B5-BDFF-DF8520CD5C88}
	EndGlobalSection
EndGlobal
