
Microsoft Visual Studio Solution File, Format Version 12.00
# Visual Studio 15
VisualStudioVersion = 15.0.28307.902
MinimumVisualStudioVersion = 10.0.40219.1
Project("{FAE04EC0-301F-11D3-BF4B-00C04F79EFBC}") = "Join2", "Join2\Join2.csproj", "{057A7C67-CC50-4273-8B01-58A11C8EA03F}"
EndProject
Global
	GlobalSection(SolutionConfigurationPlatforms) = preSolution
		Debug|Any CPU = Debug|Any CPU
		Release|Any CPU = Release|Any CPU
	EndGlobalSection
	GlobalSection(ProjectConfigurationPlatforms) = postSolution
		{057A7C67-CC50-4273-8B01-58A11C8EA03F}.Debug|Any CPU.ActiveCfg = Debug|Any CPU
		{057A7C67-CC50-4273-8B01-58A11C8EA03F}.Debug|Any CPU.Build.0 = Debug|Any CPU
		{057A7C67-CC50-4273-8B01-58A11C8EA03F}.Release|Any CPU.ActiveCfg = Release|Any CPU
		{057A7C67-CC50-4273-8B01-58A11C8EA03F}.Release|Any CPU.Build.0 = Release|Any CPU
	EndGlobalSection
	GlobalSection(SolutionProperties) = preSolution
		HideSolutionNode = FALSE
	EndGlobalSection
	GlobalSection(ExtensibilityGlobals) = postSolution
		SolutionGuid = {C704A09A-3686-4514-A7B4-7BF7A3D73C3C}
	EndGlobalSection
EndGlobal
