
Microsoft Visual Studio Solution File, Format Version 12.00
# Visual Studio 15
VisualStudioVersion = 15.0.28307.902
MinimumVisualStudioVersion = 10.0.40219.1
Project("{FAE04EC0-301F-11D3-BF4B-00C04F79EFBC}") = "AnonymousTypes2", "AnonymousTypes2\AnonymousTypes2.csproj", "{1FCFED59-C17F-40AF-8535-3DF3216CFF2F}"
EndProject
Global
	GlobalSection(SolutionConfigurationPlatforms) = preSolution
		Debug|Any CPU = Debug|Any CPU
		Release|Any CPU = Release|Any CPU
	EndGlobalSection
	GlobalSection(ProjectConfigurationPlatforms) = postSolution
		{1FCFED59-C17F-40AF-8535-3DF3216CFF2F}.Debug|Any CPU.ActiveCfg = Debug|Any CPU
		{1FCFED59-C17F-40AF-8535-3DF3216CFF2F}.Debug|Any CPU.Build.0 = Debug|Any CPU
		{1FCFED59-C17F-40AF-8535-3DF3216CFF2F}.Release|Any CPU.ActiveCfg = Release|Any CPU
		{1FCFED59-C17F-40AF-8535-3DF3216CFF2F}.Release|Any CPU.Build.0 = Release|Any CPU
	EndGlobalSection
	GlobalSection(SolutionProperties) = preSolution
		HideSolutionNode = FALSE
	EndGlobalSection
	GlobalSection(ExtensibilityGlobals) = postSolution
		SolutionGuid = {367F4092-C869-4FC8-97D1-1EC1526577C3}
	EndGlobalSection
EndGlobal
