
Microsoft Visual Studio Solution File, Format Version 12.00
# Visual Studio 15
VisualStudioVersion = 15.0.28307.902
MinimumVisualStudioVersion = 10.0.40219.1
Project("{FAE04EC0-301F-11D3-BF4B-00C04F79EFBC}") = "SortingOperators", "SortingOperators\SortingOperators.csproj", "{AA07BDFB-75C7-4839-AC9C-19D59EB80BA0}"
EndProject
Global
	GlobalSection(SolutionConfigurationPlatforms) = preSolution
		Debug|Any CPU = Debug|Any CPU
		Release|Any CPU = Release|Any CPU
	EndGlobalSection
	GlobalSection(ProjectConfigurationPlatforms) = postSolution
		{AA07BDFB-75C7-4839-AC9C-19D59EB80BA0}.Debug|Any CPU.ActiveCfg = Debug|Any CPU
		{AA07BDFB-75C7-4839-AC9C-19D59EB80BA0}.Debug|Any CPU.Build.0 = Debug|Any CPU
		{AA07BDFB-75C7-4839-AC9C-19D59EB80BA0}.Release|Any CPU.ActiveCfg = Release|Any CPU
		{AA07BDFB-75C7-4839-AC9C-19D59EB80BA0}.Release|Any CPU.Build.0 = Release|Any CPU
	EndGlobalSection
	GlobalSection(SolutionProperties) = preSolution
		HideSolutionNode = FALSE
	EndGlobalSection
	GlobalSection(ExtensibilityGlobals) = postSolution
		SolutionGuid = {F9D52665-AF98-4097-ACDB-0DD21AABE645}
	EndGlobalSection
EndGlobal
